
Microsoft Visual Studio Solution File, Format Version 12.00
# Visual Studio Version 17
VisualStudioVersion = 17.2.32602.215
MinimumVisualStudioVersion = 10.0.40219.1
Project("{FAE04EC0-301F-11D3-BF4B-00C04F79EFBC}") = "WebSocketAspNetServer", "WebSocketAspNetServer\WebSocketAspNetServer.csproj", "{49AE1C7E-DA58-45E7-9865-07ED7859BFF2}"
EndProject
Project("{FAE04EC0-301F-11D3-BF4B-00C04F79EFBC}") = "WebSocketClient", "WebSocketClient\WebSocketClient.csproj", "{A5186057-16A5-49E1-A6CF-8A0AC411D9A5}"
EndProject
Global
	GlobalSection(SolutionConfigurationPlatforms) = preSolution
		Debug|Any CPU = Debug|Any CPU
		Release|Any CPU = Release|Any CPU
	EndGlobalSection
	GlobalSection(ProjectConfigurationPlatforms) = postSolution
		{49AE1C7E-DA58-45E7-9865-07ED7859BFF2}.Debug|Any CPU.ActiveCfg = Debug|Any CPU
		{49AE1C7E-DA58-45E7-9865-07ED7859BFF2}.Debug|Any CPU.Build.0 = Debug|Any CPU
		{49AE1C7E-DA58-45E7-9865-07ED7859BFF2}.Release|Any CPU.ActiveCfg = Release|Any CPU
		{49AE1C7E-DA58-45E7-9865-07ED7859BFF2}.Release|Any CPU.Build.0 = Release|Any CPU
		{A5186057-16A5-49E1-A6CF-8A0AC411D9A5}.Debug|Any CPU.ActiveCfg = Debug|Any CPU
		{A5186057-16A5-49E1-A6CF-8A0AC411D9A5}.Debug|Any CPU.Build.0 = Debug|Any CPU
		{A5186057-16A5-49E1-A6CF-8A0AC411D9A5}.Release|Any CPU.ActiveCfg = Release|Any CPU
		{A5186057-16A5-49E1-A6CF-8A0AC411D9A5}.Release|Any CPU.Build.0 = Release|Any CPU
	EndGlobalSection
	GlobalSection(SolutionProperties) = preSolution
		HideSolutionNode = FALSE
	EndGlobalSection
	GlobalSection(ExtensibilityGlobals) = postSolution
		SolutionGuid = {7B59A2B4-277C-4E26-95A1-18602DC966EC}
	EndGlobalSection
EndGlobal
